// !$*UTF8*$!
{
	archiveVersion = 1;
	classes = {
	};
	objectVersion = 50;
	objects = {

/* Begin PBXBuildFile section */
		5590551824DC4BDF00CB9FEE /* AppDelegate.swift in Sources */ = {isa = PBXBuildFile; fileRef = 5590551724DC4BDF00CB9FEE /* AppDelegate.swift */; };
		5590551A24DC4BDF00CB9FEE /* SceneDelegate.swift in Sources */ = {isa = PBXBuildFile; fileRef = 5590551924DC4BDF00CB9FEE /* SceneDelegate.swift */; };
		5590551C24DC4BDF00CB9FEE /* ViewController.swift in Sources */ = {isa = PBXBuildFile; fileRef = 5590551B24DC4BDF00CB9FEE /* ViewController.swift */; };
		5590551F24DC4BDF00CB9FEE /* Main.storyboard in Resources */ = {isa = PBXBuildFile; fileRef = 5590551D24DC4BDF00CB9FEE /* Main.storyboard */; };
		5590552124DC4BE300CB9FEE /* Assets.xcassets in Resources */ = {isa = PBXBuildFile; fileRef = 5590552024DC4BE300CB9FEE /* Assets.xcassets */; };
		5590552424DC4BE300CB9FEE /* LaunchScreen.storyboard in Resources */ = {isa = PBXBuildFile; fileRef = 5590552224DC4BE300CB9FEE /* LaunchScreen.storyboard */; };
		5590552C24DC4BF100CB9FEE /* CustomSegmentControl.swift in Sources */ = {isa = PBXBuildFile; fileRef = 5590552B24DC4BF100CB9FEE /* CustomSegmentControl.swift */; };
		5590552E24DC4C7800CB9FEE /* UIColorEx.swift in Sources */ = {isa = PBXBuildFile; fileRef = 5590552D24DC4C7800CB9FEE /* UIColorEx.swift */; };
/* End PBXBuildFile section */

/* Begin PBXFileReference section */
		5590551424DC4BDF00CB9FEE /* ios-round-segmentcontrol.app */ = {isa = PBXFileReference; explicitFileType = wrapper.application; includeInIndex = 0; path = "ios-round-segmentcontrol.app"; sourceTree = BUILT_PRODUCTS_DIR; };
		5590551724DC4BDF00CB9FEE /* AppDelegate.swift */ = {isa = PBXFileReference; lastKnownFileType = sourcecode.swift; path = AppDelegate.swift; sourceTree = "<group>"; };
		5590551924DC4BDF00CB9FEE /* SceneDelegate.swift */ = {isa = PBXFileReference; lastKnownFileType = sourcecode.swift; path = SceneDelegate.swift; sourceTree = "<group>"; };
		5590551B24DC4BDF00CB9FEE /* ViewController.swift */ = {isa = PBXFileReference; lastKnownFileType = sourcecode.swift; path = ViewController.swift; sourceTree = "<group>"; };
		5590551E24DC4BDF00CB9FEE /* Base */ = {isa = PBXFileReference; lastKnownFileType = file.storyboard; name = Base; path = Base.lproj/Main.storyboard; sourceTree = "<group>"; };
		5590552024DC4BE300CB9FEE /* Assets.xcassets */ = {isa = PBXFileReference; lastKnownFileType = folder.assetcatalog; path = Assets.xcassets; sourceTree = "<group>"; };
		5590552324DC4BE300CB9FEE /* Base */ = {isa = PBXFileReference; lastKnownFileType = file.storyboard; name = Base; path = Base.lproj/LaunchScreen.storyboard; sourceTree = "<group>"; };
		5590552524DC4BE300CB9FEE /* Info.plist */ = {isa = PBXFileReference; lastKnownFileType = text.plist.xml; path = Info.plist; sourceTree = "<group>"; };
		5590552B24DC4BF100CB9FEE /* CustomSegmentControl.swift */ = {isa = PBXFileReference; lastKnownFileType = sourcecode.swift; path = CustomSegmentControl.swift; sourceTree = "<group>"; };
		5590552D24DC4C7800CB9FEE /* UIColorEx.swift */ = {isa = PBXFileReference; lastKnownFileType = sourcecode.swift; path = UIColorEx.swift; sourceTree = "<group>"; };
/* End PBXFileReference section */

/* Begin PBXFrameworksBuildPhase section */
		5590551124DC4BDF00CB9FEE /* Frameworks */ = {
			isa = PBXFrameworksBuildPhase;
			buildActionMask = 2147483647;
			files = (
			);
			runOnlyForDeploymentPostprocessing = 0;
		};
/* End PBXFrameworksBuildPhase section */

/* Begin PBXGroup section */
		5590550B24DC4BDF00CB9FEE = {
			isa = PBXGroup;
			children = (
				5590551624DC4BDF00CB9FEE /* ios-round-segmentcontrol */,
				5590551524DC4BDF00CB9FEE /* Products */,
			);
			sourceTree = "<group>";
		};
		5590551524DC4BDF00CB9FEE /* Products */ = {
			isa = PBXGroup;
			children = (
				5590551424DC4BDF00CB9FEE /* ios-round-segmentcontrol.app */,
			);
			name = Products;
			sourceTree = "<group>";
		};
		5590551624DC4BDF00CB9FEE /* ios-round-segmentcontrol */ = {
			isa = PBXGroup;
			children = (
				5590551724DC4BDF00CB9FEE /* AppDelegate.swift */,
				5590551924DC4BDF00CB9FEE /* SceneDelegate.swift */,
				5590551B24DC4BDF00CB9FEE /* ViewController.swift */,
				5590552B24DC4BF100CB9FEE /* CustomSegmentControl.swift */,
				5590552D24DC4C7800CB9FEE /* UIColorEx.swift */,
				5590551D24DC4BDF00CB9FEE /* Main.storyboard */,
				5590552024DC4BE300CB9FEE /* Assets.xcassets */,
				5590552224DC4BE300CB9FEE /* LaunchScreen.storyboard */,
				5590552524DC4BE300CB9FEE /* Info.plist */,
			);
			path = "ios-round-segmentcontrol";
			sourceTree = "<group>";
		};
/* End PBXGroup section */

/* Begin PBXNativeTarget section */
		5590551324DC4BDF00CB9FEE /* ios-round-segmentcontrol */ = {
			isa = PBXNativeTarget;
			buildConfigurationList = 5590552824DC4BE300CB9FEE /* Build configuration list for PBXNativeTarget "ios-round-segmentcontrol" */;
			buildPhases = (
				5590551024DC4BDF00CB9FEE /* Sources */,
				5590551124DC4BDF00CB9FEE /* Frameworks */,
				5590551224DC4BDF00CB9FEE /* Resources */,
			);
			buildRules = (
			);
			dependencies = (
			);
			name = "ios-round-segmentcontrol";
			productName = "ios-round-segmentcontrol";
			productReference = 5590551424DC4BDF00CB9FEE /* ios-round-segmentcontrol.app */;
			productType = "com.apple.product-type.application";
		};
/* End PBXNativeTarget section */

/* Begin PBXProject section */
		5590550C24DC4BDF00CB9FEE /* Project object */ = {
			isa = PBXProject;
			attributes = {
				LastSwiftUpdateCheck = 1160;
				LastUpgradeCheck = 1160;
				ORGANIZATIONNAME = "Sammi Yoeun";
				TargetAttributes = {
					5590551324DC4BDF00CB9FEE = {
						CreatedOnToolsVersion = 11.6;
					};
				};
			};
			buildConfigurationList = 5590550F24DC4BDF00CB9FEE /* Build configuration list for PBXProject "ios-round-segmentcontrol" */;
			compatibilityVersion = "Xcode 9.3";
			developmentRegion = en;
			hasScannedForEncodings = 0;
			knownRegions = (
				en,
				Base,
			);
			mainGroup = 5590550B24DC4BDF00CB9FEE;
			productRefGroup = 5590551524DC4BDF00CB9FEE /* Products */;
			projectDirPath = "";
			projectRoot = "";
			targets = (
				5590551324DC4BDF00CB9FEE /* ios-round-segmentcontrol */,
			);
		};
/* End PBXProject section */

/* Begin PBXResourcesBuildPhase section */
		5590551224DC4BDF00CB9FEE /* Resources */ = {
			isa = PBXResourcesBuildPhase;
			buildActionMask = 2147483647;
			files = (
				5590552424DC4BE300CB9FEE /* LaunchScreen.storyboard in Resources */,
				5590552124DC4BE300CB9FEE /* Assets.xcassets in Resources */,
				5590551F24DC4BDF00CB9FEE /* Main.storyboard in Resources */,
			);
			runOnlyForDeploymentPostprocessing = 0;
		};
/* End PBXResourcesBuildPhase section */

/* Begin PBXSourcesBuildPhase section */
		5590551024DC4BDF00CB9FEE /* Sources */ = {
			isa = PBXSourcesBuildPhase;
			buildActionMask = 2147483647;
			files = (
				5590552C24DC4BF100CB9FEE /* CustomSegmentControl.swift in Sources */,
				5590551C24DC4BDF00CB9FEE /* ViewController.swift in Sources */,
				5590551824DC4BDF00CB9FEE /* AppDelegate.swift in Sources */,
				5590552E24DC4C7800CB9FEE /* UIColorEx.swift in Sources */,
				5590551A24DC4BDF00CB9FEE /* SceneDelegate.swift in Sources */,
			);
			runOnlyForDeploymentPostprocessing = 0;
		};
/* End PBXSourcesBuildPhase section */

/* Begin PBXVariantGroup section */
		5590551D24DC4BDF00CB9FEE /* Main.storyboard */ = {
			isa = PBXVariantGroup;
			children = (
				5590551E24DC4BDF00CB9FEE /* Base */,
			);
			name = Main.storyboard;
			sourceTree = "<group>";
		};
		5590552224DC4BE300CB9FEE /* LaunchScreen.storyboard */ = {
			isa = PBXVariantGroup;
			children = (
				5590552324DC4BE300CB9FEE /* Base */,
			);
			name = LaunchScreen.storyboard;
			sourceTree = "<group>";
		};
/* End PBXVariantGroup section */

/* Begin XCBuildConfiguration section */
		5590552624DC4BE300CB9FEE /* Debug */ = {
			isa = XCBuildConfiguration;
			buildSettings = {
				ALWAYS_SEARCH_USER_PATHS = NO;
				CLANG_ANALYZER_NONNULL = YES;
				CLANG_ANALYZER_NUMBER_OBJECT_CONVERSION = YES_AGGRESSIVE;
				CLANG_CXX_LANGUAGE_STANDARD = "gnu++14";
				CLANG_CXX_LIBRARY = "libc++";
				CLANG_ENABLE_MODULES = YES;
				CLANG_ENABLE_OBJC_ARC = YES;
				CLANG_ENABLE_OBJC_WEAK = YES;
				CLANG_WARN_BLOCK_CAPTURE_AUTORELEASING = YES;
				CLANG_WARN_BOOL_CONVERSION = YES;
				CLANG_WARN_COMMA = YES;
				CLANG_WARN_CONSTANT_CONVERSION = YES;
				CLANG_WARN_DEPRECATED_OBJC_IMPLEMENTATIONS = YES;
				CLANG_WARN_DIRECT_OBJC_ISA_USAGE = YES_ERROR;
				CLANG_WARN_DOCUMENTATION_COMMENTS = YES;
				CLANG_WARN_EMPTY_BODY = YES;
				CLANG_WARN_ENUM_CONVERSION = YES;
				CLANG_WARN_INFINITE_RECURSION = YES;
				CLANG_WARN_INT_CONVERSION = YES;
				CLANG_WARN_NON_LITERAL_NULL_CONVERSION = YES;
				CLANG_WARN_OBJC_IMPLICIT_RETAIN_SELF = YES;
				CLANG_WARN_OBJC_LITERAL_CONVERSION = YES;
				CLANG_WARN_OBJC_ROOT_CLASS = YES_ERROR;
				CLANG_WARN_RANGE_LOOP_ANALYSIS = YES;
				CLANG_WARN_STRICT_PROTOTYPES = YES;
				CLANG_WARN_SUSPICIOUS_MOVE = YES;
				CLANG_WARN_UNGUARDED_AVAILABILITY = YES_AGGRESSIVE;
				CLANG_WARN_UNREACHABLE_CODE = YES;
				CLANG_WARN__DUPLICATE_METHOD_MATCH = YES;
				COPY_PHASE_STRIP = NO;
				DEBUG_INFORMATION_FORMAT = dwarf;
				ENABLE_STRICT_OBJC_MSGSEND = YES;
				ENABLE_TESTABILITY = YES;
				GCC_C_LANGUAGE_STANDARD = gnu11;
				GCC_DYNAMIC_NO_PIC = NO;
				GCC_NO_COMMON_BLOCKS = YES;
				GCC_OPTIMIZATION_LEVEL = 0;
				GCC_PREPROCESSOR_DEFINITIONS = (
					"DEBUG=1",
					"$(inherited)",
				);
				GCC_WARN_64_TO_32_BIT_CONVERSION = YES;
				GCC_WARN_ABOUT_RETURN_TYPE = YES_ERROR;
				GCC_WARN_UNDECLARED_SELECTOR = YES;
				GCC_WARN_UNINITIALIZED_AUTOS = YES_AGGRESSIVE;
				GCC_WARN_UNUSED_FUNCTION = YES;
				GCC_WARN_UNUSED_VARIABLE = YES;
				IPHONEOS_DEPLOYMENT_TARGET = 13.6;
				MTL_ENABLE_DEBUG_INFO = INCLUDE_SOURCE;
				MTL_FAST_MATH = YES;
				ONLY_ACTIVE_ARCH = YES;
				SDKROOT = iphoneos;
				SWIFT_ACTIVE_COMPILATION_CONDITIONS = DEBUG;
				SWIFT_OPTIMIZATION_LEVEL = "-Onone";
			};
			name = Debug;
		};
		5590552724DC4BE300CB9FEE /* Release */ = {
			isa = XCBuildConfiguration;
			buildSettings = {
				ALWAYS_SEARCH_USER_PATHS = NO;
				CLANG_ANALYZER_NONNULL = YES;
				CLANG_ANALYZER_NUMBER_OBJECT_CONVERSION = YES_AGGRESSIVE;
				CLANG_CXX_LANGUAGE_STANDARD = "gnu++14";
				CLANG_CXX_LIBRARY = "libc++";
				CLANG_ENABLE_MODULES = YES;
				CLANG_ENABLE_OBJC_ARC = YES;
				CLANG_ENABLE_OBJC_WEAK = YES;
				CLANG_WARN_BLOCK_CAPTURE_AUTORELEASING = YES;
				CLANG_WARN_BOOL_CONVERSION = YES;
				CLANG_WARN_COMMA = YES;
				CLANG_WARN_CONSTANT_CONVERSION = YES;
				CLANG_WARN_DEPRECATED_OBJC_IMPLEMENTATIONS = YES;
				CLANG_WARN_DIRECT_OBJC_ISA_USAGE = YES_ERROR;
				CLANG_WARN_DOCUMENTATION_COMMENTS = YES;
				CLANG_WARN_EMPTY_BODY = YES;
				CLANG_WARN_ENUM_CONVERSION = YES;
				CLANG_WARN_INFINITE_RECURSION = YES;
				CLANG_WARN_INT_CONVERSION = YES;
				CLANG_WARN_NON_LITERAL_NULL_CONVERSION = YES;
				CLANG_WARN_OBJC_IMPLICIT_RETAIN_SELF = YES;
				CLANG_WARN_OBJC_LITERAL_CONVERSION = YES;
				CLANG_WARN_OBJC_ROOT_CLASS = YES_ERROR;
				CLANG_WARN_RANGE_LOOP_ANALYSIS = YES;
				CLANG_WARN_STRICT_PROTOTYPES = YES;
				CLANG_WARN_SUSPICIOUS_MOVE = YES;
				CLANG_WARN_UNGUARDED_AVAILABILITY = YES_AGGRESSIVE;
				CLANG_WARN_UNREACHABLE_CODE = YES;
				CLANG_WARN__DUPLICATE_METHOD_MATCH = YES;
				COPY_PHASE_STRIP = NO;
				DEBUG_INFORMATION_FORMAT = "dwarf-with-dsym";
				ENABLE_NS_ASSERTIONS = NO;
				ENABLE_STRICT_OBJC_MSGSEND = YES;
				GCC_C_LANGUAGE_STANDARD = gnu11;
				GCC_NO_COMMON_BLOCKS = YES;
				GCC_WARN_64_TO_32_BIT_CONVERSION = YES;
				GCC_WARN_ABOUT_RETURN_TYPE = YES_ERROR;
				GCC_WARN_UNDECLARED_SELECTOR = YES;
				GCC_WARN_UNINITIALIZED_AUTOS = YES_AGGRESSIVE;
				GCC_WARN_UNUSED_FUNCTION = YES;
				GCC_WARN_UNUSED_VARIABLE = YES;
				IPHONEOS_DEPLOYMENT_TARGET = 13.6;
				MTL_ENABLE_DEBUG_INFO = NO;
				MTL_FAST_MATH = YES;
				SDKROOT = iphoneos;
				SWIFT_COMPILATION_MODE = wholemodule;
				SWIFT_OPTIMIZATION_LEVEL = "-O";
				VALIDATE_PRODUCT = YES;
			};
			name = Release;
		};
		5590552924DC4BE300CB9FEE /* Debug */ = {
			isa = XCBuildConfiguration;
			buildSettings = {
				ASSETCATALOG_COMPILER_APPICON_NAME = AppIcon;
				CODE_SIGN_STYLE = Automatic;
				DEVELOPMENT_TEAM = SC586JD78G;
				INFOPLIST_FILE = "ios-round-segmentcontrol/Info.plist";
				LD_RUNPATH_SEARCH_PATHS = (
					"$(inherited)",
					"@executable_path/Frameworks",
				);
				PRODUCT_BUNDLE_IDENTIFIER = "sammi-yoeun.ios-round-segmentcontrol";
				PRODUCT_NAME = "$(TARGET_NAME)";
				SWIFT_VERSION = 5.0;
				TARGETED_DEVICE_FAMILY = "1,2";
			};
			name = Debug;
		};
		5590552A24DC4BE300CB9FEE /* Release */ = {
			isa = XCBuildConfiguration;
			buildSettings = {
				ASSETCATALOG_COMPILER_APPICON_NAME = AppIcon;
				CODE_SIGN_STYLE = Automatic;
				DEVELOPMENT_TEAM = SC586JD78G;
				INFOPLIST_FILE = "ios-round-segmentcontrol/Info.plist";
				LD_RUNPATH_SEARCH_PATHS = (
					"$(inherited)",
					"@executable_path/Frameworks",
				);
				PRODUCT_BUNDLE_IDENTIFIER = "sammi-yoeun.ios-round-segmentcontrol";
				PRODUCT_NAME = "$(TARGET_NAME)";
				SWIFT_VERSION = 5.0;
				TARGETED_DEVICE_FAMILY = "1,2";
			};
			name = Release;
		};
/* End XCBuildConfiguration section */

/* Begin XCConfigurationList section */
		5590550F24DC4BDF00CB9FEE /* Build configuration list for PBXProject "ios-round-segmentcontrol" */ = {
			isa = XCConfigurationList;
			buildConfigurations = (
				5590552624DC4BE300CB9FEE /* Debug */,
				5590552724DC4BE300CB9FEE /* Release */,
			);
			defaultConfigurationIsVisible = 0;
			defaultConfigurationName = Release;
		};
		5590552824DC4BE300CB9FEE /* Build configuration list for PBXNativeTarget "ios-round-segmentcontrol" */ = {
			isa = XCConfigurationList;
			buildConfigurations = (
				5590552924DC4BE300CB9FEE /* Debug */,
				5590552A24DC4BE300CB9FEE /* Release */,
			);
			defaultConfigurationIsVisible = 0;
			defaultConfigurationName = Release;
		};
/* End XCConfigurationList section */
	};
	rootObject = 5590550C24DC4BDF00CB9FEE /* Project object */;
}
